
Microsoft Visual Studio Solution File, Format Version 12.00
# Visual Studio Version 17
VisualStudioVersion = 17.5.002.0
MinimumVisualStudioVersion = 10.0.40219.1
Project("{9A19103F-16F7-4668-BE54-9A1E7A4F7556}") = "DSA", "DSA.csproj", "{4CC29F0B-F3C1-42A0-840D-26C40A0FE1F3}"
EndProject
Global
	GlobalSection(SolutionConfigurationPlatforms) = preSolution
		Debug|Any CPU = Debug|Any CPU
		Release|Any CPU = Release|Any CPU
	EndGlobalSection
	GlobalSection(ProjectConfigurationPlatforms) = postSolution
		{4CC29F0B-F3C1-42A0-840D-26C40A0FE1F3}.Debug|Any CPU.ActiveCfg = Debug|Any CPU
		{4CC29F0B-F3C1-42A0-840D-26C40A0FE1F3}.Debug|Any CPU.Build.0 = Debug|Any CPU
		{4CC29F0B-F3C1-42A0-840D-26C40A0FE1F3}.Release|Any CPU.ActiveCfg = Release|Any CPU
		{4CC29F0B-F3C1-42A0-840D-26C40A0FE1F3}.Release|Any CPU.Build.0 = Release|Any CPU
	EndGlobalSection
	GlobalSection(SolutionProperties) = preSolution
		HideSolutionNode = FALSE
	EndGlobalSection
	GlobalSection(ExtensibilityGlobals) = postSolution
		SolutionGuid = {81DC3656-BC87-42E6-A76A-7A454325D12B}
	EndGlobalSection
EndGlobal
